
Microsoft Visual Studio Solution File, Format Version 12.00
Project("{FAE04EC0-301F-11D3-BF4B-00C04F79EFBC}") = "PlumbusTester", "PlumbusTester\PlumbusTester.csproj", "{D1E5F9B1-02CB-479D-BB2C-EA8D83F59CEF}"
EndProject
Project("{FAE04EC0-301F-11D3-BF4B-00C04F79EFBC}") = "PlumbusEngine", "PlumbusEngine\PlumbusEngine.csproj", "{A6C1F176-898A-4112-A3B7-618F66CD9DF1}"
EndProject
Global
	GlobalSection(SolutionConfigurationPlatforms) = preSolution
		Release|x64 = Release|x64
		Debug|x64 = Debug|x64
	EndGlobalSection
	GlobalSection(ProjectConfigurationPlatforms) = postSolution
		{A6C1F176-898A-4112-A3B7-618F66CD9DF1}.Release|x64.ActiveCfg = Release|x64
		{A6C1F176-898A-4112-A3B7-618F66CD9DF1}.Release|x64.Build.0 = Release|x64
		{A6C1F176-898A-4112-A3B7-618F66CD9DF1}.Debug|x64.ActiveCfg = Debug|x64
		{A6C1F176-898A-4112-A3B7-618F66CD9DF1}.Debug|x64.Build.0 = Debug|x64
		{D1E5F9B1-02CB-479D-BB2C-EA8D83F59CEF}.Release|x64.ActiveCfg = Release|x64
		{D1E5F9B1-02CB-479D-BB2C-EA8D83F59CEF}.Release|x64.Build.0 = Release|x64
		{D1E5F9B1-02CB-479D-BB2C-EA8D83F59CEF}.Debug|x64.ActiveCfg = Debug|x64
		{D1E5F9B1-02CB-479D-BB2C-EA8D83F59CEF}.Debug|x64.Build.0 = Debug|x64
	EndGlobalSection
EndGlobal
